version: 2.0
shards:
  ameba:
    git: https://github.com/crystal-ameba/ameba.git
    version: 1.6.4

  db:
    git: https://github.com/crystal-lang/crystal-db.git
    version: 0.14.0

  sqlite3:
    git: https://github.com/crystal-lang/crystal-sqlite3.git
    version: 0.23.0

  termisu:
    git: https://github.com/hahwul/termisu.git
    version: 0.4.5+git.commit.f6e86b36edaecad3b8c725da390bf5e4f1f843dd

