version: 2.0
shards:
  ameba:
    git: https://github.com/crystal-ameba/ameba.git
    version: 1.6.4

  db:
    git: https://github.com/crystal-lang/crystal-db.git
    version: 0.14.0

  sqlite3:
    git: https://github.com/crystal-lang/crystal-sqlite3.git
    version: 0.23.0

  termisu:
    git: https://github.com/hahwul/termisu.git
    version: 0.5.1+git.commit.825b6f37fd550807120499334b50a3a5367b248f

